
Microsoft Visual Studio Solution File, Format Version 12.00
# Visual Studio Version 16
VisualStudioVersion = 16.0.31613.86
MinimumVisualStudioVersion = 10.0.40219.1
Project("{FAE04EC0-301F-11D3-BF4B-00C04F79EFBC}") = "FormasGeometricas", "FormasGeometricas\FormasGeometricas.csproj", "{55BD9540-D809-4B0A-9DEA-B6A825732849}"
EndProject
Global
	GlobalSection(SolutionConfigurationPlatforms) = preSolution
		Debug|Any CPU = Debug|Any CPU
		Release|Any CPU = Release|Any CPU
	EndGlobalSection
	GlobalSection(ProjectConfigurationPlatforms) = postSolution
		{55BD9540-D809-4B0A-9DEA-B6A825732849}.Debug|Any CPU.ActiveCfg = Debug|Any CPU
		{55BD9540-D809-4B0A-9DEA-B6A825732849}.Debug|Any CPU.Build.0 = Debug|Any CPU
		{55BD9540-D809-4B0A-9DEA-B6A825732849}.Release|Any CPU.ActiveCfg = Release|Any CPU
		{55BD9540-D809-4B0A-9DEA-B6A825732849}.Release|Any CPU.Build.0 = Release|Any CPU
	EndGlobalSection
	GlobalSection(SolutionProperties) = preSolution
		HideSolutionNode = FALSE
	EndGlobalSection
	GlobalSection(ExtensibilityGlobals) = postSolution
		SolutionGuid = {B29F373C-5D76-47DB-8761-8C815EF05A69}
	EndGlobalSection
EndGlobal
